
Microsoft Visual Studio Solution File, Format Version 12.00
# Visual Studio 15
VisualStudioVersion = 15.0.28307.1000
MinimumVisualStudioVersion = 10.0.40219.1
Project("{FAE04EC0-301F-11D3-BF4B-00C04F79EFBC}") = "Screen.Android", "Screen\Screen.Android\Screen.Android.csproj", "{25BD715B-D90E-4608-819C-AAE577BDFAE5}"
EndProject
Project("{FAE04EC0-301F-11D3-BF4B-00C04F79EFBC}") = "Screen.iOS", "Screen\Screen.iOS\Screen.iOS.csproj", "{F941583F-389C-4EA7-A95B-232E611074AA}"
EndProject
Project("{FAE04EC0-301F-11D3-BF4B-00C04F79EFBC}") = "Screen", "Screen\Screen\Screen.csproj", "{77589D5C-1817-41D3-B17F-E81369608485}"
EndProject
Global
	GlobalSection(SolutionConfigurationPlatforms) = preSolution
		Ad-Hoc|Any CPU = Ad-Hoc|Any CPU
		Ad-Hoc|iPhone = Ad-Hoc|iPhone
		Ad-Hoc|iPhoneSimulator = Ad-Hoc|iPhoneSimulator
		AppStore|Any CPU = AppStore|Any CPU
		AppStore|iPhone = AppStore|iPhone
		AppStore|iPhoneSimulator = AppStore|iPhoneSimulator
		Debug|Any CPU = Debug|Any CPU
		Debug|iPhone = Debug|iPhone
		Debug|iPhoneSimulator = Debug|iPhoneSimulator
		Release|Any CPU = Release|Any CPU
		Release|iPhone = Release|iPhone
		Release|iPhoneSimulator = Release|iPhoneSimulator
	EndGlobalSection
	GlobalSection(ProjectConfigurationPlatforms) = postSolution
		{25BD715B-D90E-4608-819C-AAE577BDFAE5}.Ad-Hoc|Any CPU.ActiveCfg = Release|Any CPU
		{25BD715B-D90E-4608-819C-AAE577BDFAE5}.Ad-Hoc|Any CPU.Build.0 = Release|Any CPU
		{25BD715B-D90E-4608-819C-AAE577BDFAE5}.Ad-Hoc|Any CPU.Deploy.0 = Release|Any CPU
		{25BD715B-D90E-4608-819C-AAE577BDFAE5}.Ad-Hoc|iPhone.ActiveCfg = Release|Any CPU
		{25BD715B-D90E-4608-819C-AAE577BDFAE5}.Ad-Hoc|iPhone.Build.0 = Release|Any CPU
		{25BD715B-D90E-4608-819C-AAE577BDFAE5}.Ad-Hoc|iPhone.Deploy.0 = Release|Any CPU
		{25BD715B-D90E-4608-819C-AAE577BDFAE5}.Ad-Hoc|iPhoneSimulator.ActiveCfg = Release|Any CPU
		{25BD715B-D90E-4608-819C-AAE577BDFAE5}.Ad-Hoc|iPhoneSimulator.Build.0 = Release|Any CPU
		{25BD715B-D90E-4608-819C-AAE577BDFAE5}.Ad-Hoc|iPhoneSimulator.Deploy.0 = Release|Any CPU
		{25BD715B-D90E-4608-819C-AAE577BDFAE5}.AppStore|Any CPU.ActiveCfg = Release|Any CPU
		{25BD715B-D90E-4608-819C-AAE577BDFAE5}.AppStore|Any CPU.Build.0 = Release|Any CPU
		{25BD715B-D90E-4608-819C-AAE577BDFAE5}.AppStore|Any CPU.Deploy.0 = Release|Any CPU
		{25BD715B-D90E-4608-819C-AAE577BDFAE5}.AppStore|iPhone.ActiveCfg = Release|Any CPU
		{25BD715B-D90E-4608-819C-AAE577BDFAE5}.AppStore|iPhone.Build.0 = Release|Any CPU
		{25BD715B-D90E-4608-819C-AAE577BDFAE5}.AppStore|iPhone.Deploy.0 = Release|Any CPU
		{25BD715B-D90E-4608-819C-AAE577BDFAE5}.AppStore|iPhoneSimulator.ActiveCfg = Release|Any CPU
		{25BD715B-D90E-4608-819C-AAE577BDFAE5}.AppStore|iPhoneSimulator.Build.0 = Release|Any CPU
		{25BD715B-D90E-4608-819C-AAE577BDFAE5}.AppStore|iPhoneSimulator.Deploy.0 = Release|Any CPU
		{25BD715B-D90E-4608-819C-AAE577BDFAE5}.Debug|Any CPU.ActiveCfg = Debug|Any CPU
		{25BD715B-D90E-4608-819C-AAE577BDFAE5}.Debug|Any CPU.Build.0 = Debug|Any CPU
		{25BD715B-D90E-4608-819C-AAE577BDFAE5}.Debug|Any CPU.Deploy.0 = Debug|Any CPU
		{25BD715B-D90E-4608-819C-AAE577BDFAE5}.Debug|iPhone.ActiveCfg = Debug|Any CPU
		{25BD715B-D90E-4608-819C-AAE577BDFAE5}.Debug|iPhone.Build.0 = Debug|Any CPU
		{25BD715B-D90E-4608-819C-AAE577BDFAE5}.Debug|iPhone.Deploy.0 = Debug|Any CPU
		{25BD715B-D90E-4608-819C-AAE577BDFAE5}.Debug|iPhoneSimulator.ActiveCfg = Debug|Any CPU
		{25BD715B-D90E-4608-819C-AAE577BDFAE5}.Debug|iPhoneSimulator.Build.0 = Debug|Any CPU
		{25BD715B-D90E-4608-819C-AAE577BDFAE5}.Debug|iPhoneSimulator.Deploy.0 = Debug|Any CPU
		{25BD715B-D90E-4608-819C-AAE577BDFAE5}.Release|Any CPU.ActiveCfg = Release|Any CPU
		{25BD715B-D90E-4608-819C-AAE577BDFAE5}.Release|Any CPU.Build.0 = Release|Any CPU
		{25BD715B-D90E-4608-819C-AAE577BDFAE5}.Release|Any CPU.Deploy.0 = Release|Any CPU
		{25BD715B-D90E-4608-819C-AAE577BDFAE5}.Release|iPhone.ActiveCfg = Release|Any CPU
		{25BD715B-D90E-4608-819C-AAE577BDFAE5}.Release|iPhone.Build.0 = Release|Any CPU
		{25BD715B-D90E-4608-819C-AAE577BDFAE5}.Release|iPhone.Deploy.0 = Release|Any CPU
		{25BD715B-D90E-4608-819C-AAE577BDFAE5}.Release|iPhoneSimulator.ActiveCfg = Release|Any CPU
		{25BD715B-D90E-4608-819C-AAE577BDFAE5}.Release|iPhoneSimulator.Build.0 = Release|Any CPU
		{25BD715B-D90E-4608-819C-AAE577BDFAE5}.Release|iPhoneSimulator.Deploy.0 = Release|Any CPU
		{F941583F-389C-4EA7-A95B-232E611074AA}.Ad-Hoc|Any CPU.ActiveCfg = Ad-Hoc|iPhone
		{F941583F-389C-4EA7-A95B-232E611074AA}.Ad-Hoc|Any CPU.Build.0 = Ad-Hoc|iPhone
		{F941583F-389C-4EA7-A95B-232E611074AA}.Ad-Hoc|Any CPU.Deploy.0 = Ad-Hoc|iPhone
		{F941583F-389C-4EA7-A95B-232E611074AA}.Ad-Hoc|iPhone.ActiveCfg = Ad-Hoc|iPhone
		{F941583F-389C-4EA7-A95B-232E611074AA}.Ad-Hoc|iPhone.Build.0 = Ad-Hoc|iPhone
		{F941583F-389C-4EA7-A95B-232E611074AA}.Ad-Hoc|iPhone.Deploy.0 = Ad-Hoc|iPhone
		{F941583F-389C-4EA7-A95B-232E611074AA}.Ad-Hoc|iPhoneSimulator.ActiveCfg = Ad-Hoc|iPhoneSimulator
		{F941583F-389C-4EA7-A95B-232E611074AA}.Ad-Hoc|iPhoneSimulator.Build.0 = Ad-Hoc|iPhoneSimulator
		{F941583F-389C-4EA7-A95B-232E611074AA}.Ad-Hoc|iPhoneSimulator.Deploy.0 = Ad-Hoc|iPhoneSimulator
		{F941583F-389C-4EA7-A95B-232E611074AA}.AppStore|Any CPU.ActiveCfg = AppStore|iPhone
		{F941583F-389C-4EA7-A95B-232E611074AA}.AppStore|Any CPU.Build.0 = AppStore|iPhone
		{F941583F-389C-4EA7-A95B-232E611074AA}.AppStore|Any CPU.Deploy.0 = AppStore|iPhone
		{F941583F-389C-4EA7-A95B-232E611074AA}.AppStore|iPhone.ActiveCfg = AppStore|iPhone
		{F941583F-389C-4EA7-A95B-232E611074AA}.AppStore|iPhone.Build.0 = AppStore|iPhone
		{F941583F-389C-4EA7-A95B-232E611074AA}.AppStore|iPhone.Deploy.0 = AppStore|iPhone
		{F941583F-389C-4EA7-A95B-232E611074AA}.AppStore|iPhoneSimulator.ActiveCfg = AppStore|iPhoneSimulator
		{F941583F-389C-4EA7-A95B-232E611074AA}.AppStore|iPhoneSimulator.Build.0 = AppStore|iPhoneSimulator
		{F941583F-389C-4EA7-A95B-232E611074AA}.AppStore|iPhoneSimulator.Deploy.0 = AppStore|iPhoneSimulator
		{F941583F-389C-4EA7-A95B-232E611074AA}.Debug|Any CPU.ActiveCfg = Debug|iPhoneSimulator
		{F941583F-389C-4EA7-A95B-232E611074AA}.Debug|Any CPU.Build.0 = Debug|iPhoneSimulator
		{F941583F-389C-4EA7-A95B-232E611074AA}.Debug|Any CPU.Deploy.0 = Debug|iPhoneSimulator
		{F941583F-389C-4EA7-A95B-232E611074AA}.Debug|iPhone.ActiveCfg = Debug|iPhone
		{F941583F-389C-4EA7-A95B-232E611074AA}.Debug|iPhone.Build.0 = Debug|iPhone
		{F941583F-389C-4EA7-A95B-232E611074AA}.Debug|iPhone.Deploy.0 = Debug|iPhone
		{F941583F-389C-4EA7-A95B-232E611074AA}.Debug|iPhoneSimulator.ActiveCfg = Debug|iPhoneSimulator
		{F941583F-389C-4EA7-A95B-232E611074AA}.Debug|iPhoneSimulator.Build.0 = Debug|iPhoneSimulator
		{F941583F-389C-4EA7-A95B-232E611074AA}.Debug|iPhoneSimulator.Deploy.0 = Debug|iPhoneSimulator
		{F941583F-389C-4EA7-A95B-232E611074AA}.Release|Any CPU.ActiveCfg = Release|iPhone
		{F941583F-389C-4EA7-A95B-232E611074AA}.Release|Any CPU.Build.0 = Release|iPhone
		{F941583F-389C-4EA7-A95B-232E611074AA}.Release|Any CPU.Deploy.0 = Release|iPhone
		{F941583F-389C-4EA7-A95B-232E611074AA}.Release|iPhone.ActiveCfg = Release|iPhone
		{F941583F-389C-4EA7-A95B-232E611074AA}.Release|iPhone.Build.0 = Release|iPhone
		{F941583F-389C-4EA7-A95B-232E611074AA}.Release|iPhone.Deploy.0 = Release|iPhone
		{F941583F-389C-4EA7-A95B-232E611074AA}.Release|iPhoneSimulator.ActiveCfg = Release|iPhoneSimulator
		{F941583F-389C-4EA7-A95B-232E611074AA}.Release|iPhoneSimulator.Build.0 = Release|iPhoneSimulator
		{F941583F-389C-4EA7-A95B-232E611074AA}.Release|iPhoneSimulator.Deploy.0 = Release|iPhoneSimulator
		{77589D5C-1817-41D3-B17F-E81369608485}.Ad-Hoc|Any CPU.ActiveCfg = Debug|Any CPU
		{77589D5C-1817-41D3-B17F-E81369608485}.Ad-Hoc|Any CPU.Build.0 = Debug|Any CPU
		{77589D5C-1817-41D3-B17F-E81369608485}.Ad-Hoc|Any CPU.Deploy.0 = Debug|Any CPU
		{77589D5C-1817-41D3-B17F-E81369608485}.Ad-Hoc|iPhone.ActiveCfg = Debug|Any CPU
		{77589D5C-1817-41D3-B17F-E81369608485}.Ad-Hoc|iPhone.Build.0 = Debug|Any CPU
		{77589D5C-1817-41D3-B17F-E81369608485}.Ad-Hoc|iPhone.Deploy.0 = Debug|Any CPU
		{77589D5C-1817-41D3-B17F-E81369608485}.Ad-Hoc|iPhoneSimulator.ActiveCfg = Debug|Any CPU
		{77589D5C-1817-41D3-B17F-E81369608485}.Ad-Hoc|iPhoneSimulator.Build.0 = Debug|Any CPU
		{77589D5C-1817-41D3-B17F-E81369608485}.Ad-Hoc|iPhoneSimulator.Deploy.0 = Debug|Any CPU
		{77589D5C-1817-41D3-B17F-E81369608485}.AppStore|Any CPU.ActiveCfg = Debug|Any CPU
		{77589D5C-1817-41D3-B17F-E81369608485}.AppStore|Any CPU.Build.0 = Debug|Any CPU
		{77589D5C-1817-41D3-B17F-E81369608485}.AppStore|Any CPU.Deploy.0 = Debug|Any CPU
		{77589D5C-1817-41D3-B17F-E81369608485}.AppStore|iPhone.ActiveCfg = Debug|Any CPU
		{77589D5C-1817-41D3-B17F-E81369608485}.AppStore|iPhone.Build.0 = Debug|Any CPU
		{77589D5C-1817-41D3-B17F-E81369608485}.AppStore|iPhone.Deploy.0 = Debug|Any CPU
		{77589D5C-1817-41D3-B17F-E81369608485}.AppStore|iPhoneSimulator.ActiveCfg = Debug|Any CPU
		{77589D5C-1817-41D3-B17F-E81369608485}.AppStore|iPhoneSimulator.Build.0 = Debug|Any CPU
		{77589D5C-1817-41D3-B17F-E81369608485}.AppStore|iPhoneSimulator.Deploy.0 = Debug|Any CPU
		{77589D5C-1817-41D3-B17F-E81369608485}.Debug|Any CPU.ActiveCfg = Debug|Any CPU
		{77589D5C-1817-41D3-B17F-E81369608485}.Debug|Any CPU.Build.0 = Debug|Any CPU
		{77589D5C-1817-41D3-B17F-E81369608485}.Debug|Any CPU.Deploy.0 = Debug|Any CPU
		{77589D5C-1817-41D3-B17F-E81369608485}.Debug|iPhone.ActiveCfg = Debug|Any CPU
		{77589D5C-1817-41D3-B17F-E81369608485}.Debug|iPhone.Build.0 = Debug|Any CPU
		{77589D5C-1817-41D3-B17F-E81369608485}.Debug|iPhone.Deploy.0 = Debug|Any CPU
		{77589D5C-1817-41D3-B17F-E81369608485}.Debug|iPhoneSimulator.ActiveCfg = Debug|Any CPU
		{77589D5C-1817-41D3-B17F-E81369608485}.Debug|iPhoneSimulator.Build.0 = Debug|Any CPU
		{77589D5C-1817-41D3-B17F-E81369608485}.Debug|iPhoneSimulator.Deploy.0 = Debug|Any CPU
		{77589D5C-1817-41D3-B17F-E81369608485}.Release|Any CPU.ActiveCfg = Release|Any CPU
		{77589D5C-1817-41D3-B17F-E81369608485}.Release|Any CPU.Build.0 = Release|Any CPU
		{77589D5C-1817-41D3-B17F-E81369608485}.Release|Any CPU.Deploy.0 = Release|Any CPU
		{77589D5C-1817-41D3-B17F-E81369608485}.Release|iPhone.ActiveCfg = Release|Any CPU
		{77589D5C-1817-41D3-B17F-E81369608485}.Release|iPhone.Build.0 = Release|Any CPU
		{77589D5C-1817-41D3-B17F-E81369608485}.Release|iPhone.Deploy.0 = Release|Any CPU
		{77589D5C-1817-41D3-B17F-E81369608485}.Release|iPhoneSimulator.ActiveCfg = Release|Any CPU
		{77589D5C-1817-41D3-B17F-E81369608485}.Release|iPhoneSimulator.Build.0 = Release|Any CPU
		{77589D5C-1817-41D3-B17F-E81369608485}.Release|iPhoneSimulator.Deploy.0 = Release|Any CPU
	EndGlobalSection
	GlobalSection(SolutionProperties) = preSolution
		HideSolutionNode = FALSE
	EndGlobalSection
	GlobalSection(ExtensibilityGlobals) = postSolution
		SolutionGuid = {CEF549AA-A344-4E18-9FDE-08302AC3B7FF}
	EndGlobalSection
EndGlobal
